{
  "name": "app",
  "version": "1.0.0",
  "lockfileVersion": 1,
  "requires": true,
  "dependencies": {
    "@discoveryjs/json-ext": {
      "version": "0.5.7",
      "resolved": "http://registry.m.jd.com/@discoveryjs/json-ext/download/@discoveryjs/json-ext-0.5.7.tgz",
      "integrity": "sha1-HVcr+74Ut3BOC6Dzm3SBW4SHDXA=",
      "dev": true
    },
    "@jridgewell/gen-mapping": {
      "version": "0.3.2",
      "resolved": "http://registry.m.jd.com/@jridgewell/gen-mapping/download/@jridgewell/gen-mapping-0.3.2.tgz",
      "integrity": "sha1-wa7cYehT8rufXf5tRELTtWWyU7k=",
      "dev": true,
      "requires": {
        "@jridgewell/set-array": "^1.0.1",
        "@jridgewell/sourcemap-codec": "^1.4.10",
        "@jridgewell/trace-mapping": "^0.3.9"
      }
    },
    "@jridgewell/resolve-uri": {
      "version": "3.1.0",
      "resolved": "http://registry.m.jd.com/@jridgewell/resolve-uri/download/@jridgewell/resolve-uri-3.1.0.tgz",
      "integrity": "sha1-IgOxGMFXchrd/mnUe3BGVGMGbXg=",
      "dev": true
    },
    "@jridgewell/set-array": {
      "version": "1.1.2",
      "resolved": "http://registry.m.jd.com/@jridgewell/set-array/download/@jridgewell/set-array-1.1.2.tgz",
      "integrity": "sha1-fGz5mNbSC5FMClWpGuko/yWWXnI=",
      "dev": true
    },
    "@jridgewell/source-map": {
      "version": "0.3.2",
      "resolved": "http://registry.m.jd.com/@jridgewell/source-map/download/@jridgewell/source-map-0.3.2.tgz",
      "integrity": "sha1-9FNRqu1FJ6KYUS7HL4EEDJmFgPs=",
      "dev": true,
      "requires": {
        "@jridgewell/gen-mapping": "^0.3.0",
        "@jridgewell/trace-mapping": "^0.3.9"
      }
    },
    "@jridgewell/sourcemap-codec": {
      "version": "1.4.14",
      "resolved": "http://registry.m.jd.com/@jridgewell/sourcemap-codec/download/@jridgewell/sourcemap-codec-1.4.14.tgz",
      "integrity": "sha1-rdTJjTQUcqKJGQtCTvvbCWmRuyQ=",
      "dev": true
    },
    "@jridgewell/trace-mapping": {
      "version": "0.3.17",
      "resolved": "http://registry.m.jd.com/@jridgewell/trace-mapping/download/@jridgewell/trace-mapping-0.3.17.tgz",
      "integrity": "sha1-eTBBJ3r5BzsJUaf+Dw2MTJjDaYU=",
      "dev": true,
      "requires": {
        "@jridgewell/resolve-uri": "3.1.0",
        "@jridgewell/sourcemap-codec": "1.4.14"
      }
    },
    "@types/eslint": {
      "version": "8.4.10",
      "resolved": "http://registry.m.jd.com/@types/eslint/download/@types/eslint-8.4.10.tgz",
      "integrity": "sha1-GXMbloXBntFVLacFK29mjtfrZLs=",
      "dev": true,
      "requires": {
        "@types/estree": "*",
        "@types/json-schema": "*"
      }
    },
    "@types/eslint-scope": {
      "version": "3.7.4",
      "resolved": "http://registry.m.jd.com/@types/eslint-scope/download/@types/eslint-scope-3.7.4.tgz",
      "integrity": "sha1-N/wSI/B4bDlicGihLpTW5vxh3hY=",
      "dev": true,
      "requires": {
        "@types/eslint": "*",
        "@types/estree": "*"
      }
    },
    "@types/estree": {
      "version": "0.0.51",
      "resolved": "http://registry.m.jd.com/@types/estree/download/@types/estree-0.0.51.tgz",
      "integrity": "sha1-z9cJJKJaP9MrIY5eQg5ol+GsT0A=",
      "dev": true
    },
    "@types/html-minifier-terser": {
      "version": "6.1.0",
      "resolved": "http://registry.m.jd.com/@types/html-minifier-terser/download/@types/html-minifier-terser-6.1.0.tgz",
      "integrity": "sha1-T8M6AMHQwWmHsaIM+S0gYUxVrDU=",
      "dev": true
    },
    "@types/json-schema": {
      "version": "7.0.11",
      "resolved": "http://registry.m.jd.com/@types/json-schema/download/@types/json-schema-7.0.11.tgz",
      "integrity": "sha1-1CG2xSejA398hEM/0sQingFoY9M=",
      "dev": true
    },
    "@types/node": {
      "version": "18.11.18",
      "resolved": "http://registry.m.jd.com/@types/node/download/@types/node-18.11.18.tgz",
      "integrity": "sha1-jfuX8Nojwik+VUxaUNYe8TTXaX8=",
      "dev": true
    },
    "@webassemblyjs/ast": {
      "version": "1.11.1",
      "resolved": "http://registry.m.jd.com/@webassemblyjs/ast/download/@webassemblyjs/ast-1.11.1.tgz",
      "integrity": "sha1-K/12fq4aaZb0Mv9+jX/HVnnAtqc=",
      "dev": true,
      "requires": {
        "@webassemblyjs/helper-numbers": "1.11.1",
        "@webassemblyjs/helper-wasm-bytecode": "1.11.1"
      }
    },
    "@webassemblyjs/floating-point-hex-parser": {
      "version": "1.11.1",
      "resolved": "http://registry.m.jd.com/@webassemblyjs/floating-point-hex-parser/download/@webassemblyjs/floating-point-hex-parser-1.11.1.tgz",
      "integrity": "sha1-9sYacF8P16auyqToGY8j2dwXnk8=",
      "dev": true
    },
    "@webassemblyjs/helper-api-error": {
      "version": "1.11.1",
      "resolved": "http://registry.m.jd.com/@webassemblyjs/helper-api-error/download/@webassemblyjs/helper-api-error-1.11.1.tgz",
      "integrity": "sha1-GmMZLYeI5cASgAump6RscFKI/RY=",
      "dev": true
    },
    "@webassemblyjs/helper-buffer": {
      "version": "1.11.1",
      "resolved": "http://registry.m.jd.com/@webassemblyjs/helper-buffer/download/@webassemblyjs/helper-buffer-1.11.1.tgz",
      "integrity": "sha1-gyqQDrREiEzemnytRn+BUA9eWrU=",
      "dev": true
    },
    "@webassemblyjs/helper-numbers": {
      "version": "1.11.1",
      "resolved": "http://registry.m.jd.com/@webassemblyjs/helper-numbers/download/@webassemblyjs/helper-numbers-1.11.1.tgz",
      "integrity": "sha1-ZNgdohn7u6HjvRv8dPboxOEKYq4=",
      "dev": true,
      "requires": {
        "@webassemblyjs/floating-point-hex-parser": "1.11.1",
        "@webassemblyjs/helper-api-error": "1.11.1",
        "@xtuc/long": "4.2.2"
      }
    },
    "@webassemblyjs/helper-wasm-bytecode": {
      "version": "1.11.1",
      "resolved": "http://registry.m.jd.com/@webassemblyjs/helper-wasm-bytecode/download/@webassemblyjs/helper-wasm-bytecode-1.11.1.tgz",
      "integrity": "sha1-8ygkHkHnsZnQsgwY6IQpxEMyleE=",
      "dev": true
    },
    "@webassemblyjs/helper-wasm-section": {
      "version": "1.11.1",
      "resolved": "http://registry.m.jd.com/@webassemblyjs/helper-wasm-section/download/@webassemblyjs/helper-wasm-section-1.11.1.tgz",
      "integrity": "sha1-Ie4GWntjXzGec48N1zv72igcCXo=",
      "dev": true,
      "requires": {
        "@webassemblyjs/ast": "1.11.1",
        "@webassemblyjs/helper-buffer": "1.11.1",
        "@webassemblyjs/helper-wasm-bytecode": "1.11.1",
        "@webassemblyjs/wasm-gen": "1.11.1"
      }
    },
    "@webassemblyjs/ieee754": {
      "version": "1.11.1",
      "resolved": "http://registry.m.jd.com/@webassemblyjs/ieee754/download/@webassemblyjs/ieee754-1.11.1.tgz",
      "integrity": "sha1-ljkp6bvQVwnn4SJDoJkYCBKZJhQ=",
      "dev": true,
      "requires": {
        "@xtuc/ieee754": "^1.2.0"
      }
    },
    "@webassemblyjs/leb128": {
      "version": "1.11.1",
      "resolved": "http://registry.m.jd.com/@webassemblyjs/leb128/download/@webassemblyjs/leb128-1.11.1.tgz",
      "integrity": "sha1-zoFLRVdOk9drrh+yZEq5zdlSeqU=",
      "dev": true,
      "requires": {
        "@xtuc/long": "4.2.2"
      }
    },
    "@webassemblyjs/utf8": {
      "version": "1.11.1",
      "resolved": "http://registry.m.jd.com/@webassemblyjs/utf8/download/@webassemblyjs/utf8-1.11.1.tgz",
      "integrity": "sha1-0fi3ZDaefG5rrjUOhU3smlnwo/8=",
      "dev": true
    },
    "@webassemblyjs/wasm-edit": {
      "version": "1.11.1",
      "resolved": "http://registry.m.jd.com/@webassemblyjs/wasm-edit/download/@webassemblyjs/wasm-edit-1.11.1.tgz",
      "integrity": "sha1-rSBuv0v5WgWM6YgKjAksXeyBk9Y=",
      "dev": true,
      "requires": {
        "@webassemblyjs/ast": "1.11.1",
        "@webassemblyjs/helper-buffer": "1.11.1",
        "@webassemblyjs/helper-wasm-bytecode": "1.11.1",
        "@webassemblyjs/helper-wasm-section": "1.11.1",
        "@webassemblyjs/wasm-gen": "1.11.1",
        "@webassemblyjs/wasm-opt": "1.11.1",
        "@webassemblyjs/wasm-parser": "1.11.1",
        "@webassemblyjs/wast-printer": "1.11.1"
      }
    },
    "@webassemblyjs/wasm-gen": {
      "version": "1.11.1",
      "resolved": "http://registry.m.jd.com/@webassemblyjs/wasm-gen/download/@webassemblyjs/wasm-gen-1.11.1.tgz",
      "integrity": "sha1-hsXqMEhJdZt9iMR6MvTwOa48j3Y=",
      "dev": true,
      "requires": {
        "@webassemblyjs/ast": "1.11.1",
        "@webassemblyjs/helper-wasm-bytecode": "1.11.1",
        "@webassemblyjs/ieee754": "1.11.1",
        "@webassemblyjs/leb128": "1.11.1",
        "@webassemblyjs/utf8": "1.11.1"
      }
    },
    "@webassemblyjs/wasm-opt": {
      "version": "1.11.1",
      "resolved": "http://registry.m.jd.com/@webassemblyjs/wasm-opt/download/@webassemblyjs/wasm-opt-1.11.1.tgz",
      "integrity": "sha1-ZXtMIgL0zzs0X4pMZGHIwkGJhfI=",
      "dev": true,
      "requires": {
        "@webassemblyjs/ast": "1.11.1",
        "@webassemblyjs/helper-buffer": "1.11.1",
        "@webassemblyjs/wasm-gen": "1.11.1",
        "@webassemblyjs/wasm-parser": "1.11.1"
      }
    },
    "@webassemblyjs/wasm-parser": {
      "version": "1.11.1",
      "resolved": "http://registry.m.jd.com/@webassemblyjs/wasm-parser/download/@webassemblyjs/wasm-parser-1.11.1.tgz",
      "integrity": "sha1-hspzRTT0F+m9PGfHocddi+QfsZk=",
      "dev": true,
      "requires": {
        "@webassemblyjs/ast": "1.11.1",
        "@webassemblyjs/helper-api-error": "1.11.1",
        "@webassemblyjs/helper-wasm-bytecode": "1.11.1",
        "@webassemblyjs/ieee754": "1.11.1",
        "@webassemblyjs/leb128": "1.11.1",
        "@webassemblyjs/utf8": "1.11.1"
      }
    },
    "@webassemblyjs/wast-printer": {
      "version": "1.11.1",
      "resolved": "http://registry.m.jd.com/@webassemblyjs/wast-printer/download/@webassemblyjs/wast-printer-1.11.1.tgz",
      "integrity": "sha1-0Mc77ajuxUJvEK6O9VzuXnCEwvA=",
      "dev": true,
      "requires": {
        "@webassemblyjs/ast": "1.11.1",
        "@xtuc/long": "4.2.2"
      }
    },
    "@webpack-cli/configtest": {
      "version": "2.0.1",
      "resolved": "http://registry.m.jd.com/@webpack-cli/configtest/download/@webpack-cli/configtest-2.0.1.tgz",
      "integrity": "sha1-ppcg9sm61q71So+mupw1M+fvTH8=",
      "dev": true
    },
    "@webpack-cli/info": {
      "version": "2.0.1",
      "resolved": "http://registry.m.jd.com/@webpack-cli/info/download/@webpack-cli/info-2.0.1.tgz",
      "integrity": "sha1-7tdFeZyRDSAIHgblF3wrJWnxZsA=",
      "dev": true
    },
    "@webpack-cli/serve": {
      "version": "2.0.1",
      "resolved": "http://registry.m.jd.com/@webpack-cli/serve/download/@webpack-cli/serve-2.0.1.tgz",
      "integrity": "sha1-NL3DFyehiJGYhVkT2y8nCs5te/g=",
      "dev": true
    },
    "@xtuc/ieee754": {
      "version": "1.2.0",
      "resolved": "http://registry.m.jd.com/@xtuc/ieee754/download/@xtuc/ieee754-1.2.0.tgz",
      "integrity": "sha1-7vAUoxRa5Hehy8AM0eVSM23Ot5A=",
      "dev": true
    },
    "@xtuc/long": {
      "version": "4.2.2",
      "resolved": "http://registry.m.jd.com/@xtuc/long/download/@xtuc/long-4.2.2.tgz",
      "integrity": "sha1-0pHGpOl5ibXGHZrPOWrk/hM6cY0=",
      "dev": true
    },
    "acorn": {
      "version": "8.8.1",
      "resolved": "http://registry.m.jd.com/acorn/download/acorn-8.8.1.tgz",
      "integrity": "sha1-Cj+cvsxOw76m8KgLZq6N0tolC3M=",
      "dev": true
    },
    "acorn-import-assertions": {
      "version": "1.8.0",
      "resolved": "http://registry.m.jd.com/acorn-import-assertions/download/acorn-import-assertions-1.8.0.tgz",
      "integrity": "sha1-uitZOc5iwjjbbZPYHJsRGym4Vek=",
      "dev": true
    },
    "ajv": {
      "version": "6.12.6",
      "resolved": "http://registry.m.jd.com/ajv/download/ajv-6.12.6.tgz",
      "integrity": "sha1-uvWmLoArB9l3A0WG+MO69a3ybfQ=",
      "dev": true,
      "requires": {
        "fast-deep-equal": "^3.1.1",
        "fast-json-stable-stringify": "^2.0.0",
        "json-schema-traverse": "^0.4.1",
        "uri-js": "^4.2.2"
      }
    },
    "ajv-keywords": {
      "version": "3.5.2",
      "resolved": "http://registry.m.jd.com/ajv-keywords/download/ajv-keywords-3.5.2.tgz",
      "integrity": "sha1-MfKdpatuANHC0yms97WSlhTVAU0=",
      "dev": true
    },
    "ansi-regex": {
      "version": "5.0.1",
      "resolved": "http://registry.m.jd.com/ansi-regex/download/ansi-regex-5.0.1.tgz",
      "integrity": "sha1-CCyyyJyf6GWaMRpTvWpNxTAdswQ=",
      "dev": true
    },
    "boolbase": {
      "version": "1.0.0",
      "resolved": "http://registry.m.jd.com/boolbase/download/boolbase-1.0.0.tgz",
      "integrity": "sha1-aN/1++YMUes3cl6p4+0xDcwed24=",
      "dev": true
    },
    "browserslist": {
      "version": "4.21.4",
      "resolved": "http://registry.m.jd.com/browserslist/download/browserslist-4.21.4.tgz",
      "integrity": "sha1-50lrvGe5453Q+YVl/szcsNT/aYc=",
      "dev": true,
      "requires": {
        "caniuse-lite": "^1.0.30001400",
        "electron-to-chromium": "^1.4.251",
        "node-releases": "^2.0.6",
        "update-browserslist-db": "^1.0.9"
      }
    },
    "buffer-from": {
      "version": "1.1.2",
      "resolved": "http://registry.m.jd.com/buffer-from/download/buffer-from-1.1.2.tgz",
      "integrity": "sha1-KxRqb9cugLT1XSVfNe1Zo6mkG9U=",
      "dev": true
    },
    "camel-case": {
      "version": "4.1.2",
      "resolved": "http://registry.m.jd.com/camel-case/download/camel-case-4.1.2.tgz",
      "integrity": "sha1-lygHKpVPgFIoIlpt7qazhGHhvVo=",
      "dev": true,
      "requires": {
        "pascal-case": "^3.1.2",
        "tslib": "^2.0.3"
      }
    },
    "caniuse-lite": {
      "version": "1.0.30001442",
      "resolved": "http://registry.m.jd.com/caniuse-lite/download/caniuse-lite-1.0.30001442.tgz",
      "integrity": "sha1-QDN/HPO+fGN7Bh4veFgtwdrsBhQ=",
      "dev": true
    },
    "chrome-trace-event": {
      "version": "1.0.3",
      "resolved": "http://registry.m.jd.com/chrome-trace-event/download/chrome-trace-event-1.0.3.tgz",
      "integrity": "sha1-EBXs7UdB4V0GZkqVfbv1DQQeJqw=",
      "dev": true
    },
    "clean-css": {
      "version": "5.3.1",
      "resolved": "http://registry.m.jd.com/clean-css/download/clean-css-5.3.1.tgz",
      "integrity": "sha1-0GELC5DRJRlqKJTTU2b3NOXXqjI=",
      "dev": true,
      "requires": {
        "source-map": "~0.6.0"
      }
    },
    "clone-deep": {
      "version": "4.0.1",
      "resolved": "http://registry.m.jd.com/clone-deep/download/clone-deep-4.0.1.tgz",
      "integrity": "sha1-wZ/Zvbv4WUK0/ZechNz31fB8I4c=",
      "dev": true,
      "requires": {
        "is-plain-object": "^2.0.4",
        "kind-of": "^6.0.2",
        "shallow-clone": "^3.0.0"
      }
    },
    "colorette": {
      "version": "2.0.19",
      "resolved": "http://registry.m.jd.com/colorette/download/colorette-2.0.19.tgz",
      "integrity": "sha1-zfBE9HrUGg9LVrOg1bTm4aLVp5g=",
      "dev": true
    },
    "commander": {
      "version": "2.20.3",
      "resolved": "http://registry.m.jd.com/commander/download/commander-2.20.3.tgz",
      "integrity": "sha1-/UhehMA+tIgcIHIrpIA16FMa6zM=",
      "dev": true
    },
    "cross-spawn": {
      "version": "7.0.3",
      "resolved": "http://registry.m.jd.com/cross-spawn/download/cross-spawn-7.0.3.tgz",
      "integrity": "sha1-9zqFudXUHQRVUcF34ogtSshXKKY=",
      "dev": true,
      "requires": {
        "path-key": "^3.1.0",
        "shebang-command": "^2.0.0",
        "which": "^2.0.1"
      }
    },
    "css-loader": {
      "version": "6.7.3",
      "resolved": "http://registry.m.jd.com/css-loader/download/css-loader-6.7.3.tgz",
      "integrity": "sha1-HoeZ88zFh0/dVUYa9RE3/MW++80=",
      "dev": true,
      "requires": {
        "icss-utils": "^5.1.0",
        "postcss": "^8.4.19",
        "postcss-modules-extract-imports": "^3.0.0",
        "postcss-modules-local-by-default": "^4.0.0",
        "postcss-modules-scope": "^3.0.0",
        "postcss-modules-values": "^4.0.0",
        "postcss-value-parser": "^4.2.0",
        "semver": "^7.3.8"
      }
    },
    "css-select": {
      "version": "4.3.0",
      "resolved": "http://registry.m.jd.com/css-select/download/css-select-4.3.0.tgz",
      "integrity": "sha1-23EpsoRmYv2GKM/ElquytZ5BUps=",
      "dev": true,
      "requires": {
        "boolbase": "^1.0.0",
        "css-what": "^6.0.1",
        "domhandler": "^4.3.1",
        "domutils": "^2.8.0",
        "nth-check": "^2.0.1"
      }
    },
    "css-what": {
      "version": "6.1.0",
      "resolved": "http://registry.m.jd.com/css-what/download/css-what-6.1.0.tgz",
      "integrity": "sha1-+17/z3bx3eosgb36pN5E55uscPQ=",
      "dev": true
    },
    "cssesc": {
      "version": "3.0.0",
      "resolved": "http://registry.m.jd.com/cssesc/download/cssesc-3.0.0.tgz",
      "integrity": "sha1-N3QZGZA7hoVl4cCep0dEXNGJg+4=",
      "dev": true
    },
    "dom-converter": {
      "version": "0.2.0",
      "resolved": "http://registry.m.jd.com/dom-converter/download/dom-converter-0.2.0.tgz",
      "integrity": "sha1-ZyGp2u4uKTaClVtq/kFncWJ7t2g=",
      "dev": true,
      "requires": {
        "utila": "~0.4"
      }
    },
    "dom-serializer": {
      "version": "1.4.1",
      "resolved": "http://registry.m.jd.com/dom-serializer/download/dom-serializer-1.4.1.tgz",
      "integrity": "sha1-3l1Bsa6ikCFdxFptrorc8dMuLTA=",
      "dev": true,
      "requires": {
        "domelementtype": "^2.0.1",
        "domhandler": "^4.2.0",
        "entities": "^2.0.0"
      }
    },
    "domelementtype": {
      "version": "2.3.0",
      "resolved": "http://registry.m.jd.com/domelementtype/download/domelementtype-2.3.0.tgz",
      "integrity": "sha1-XEXo6GmVJiYzHXqrMm0B2vZdWJ0=",
      "dev": true
    },
    "domhandler": {
      "version": "4.3.1",
      "resolved": "http://registry.m.jd.com/domhandler/download/domhandler-4.3.1.tgz",
      "integrity": "sha1-jXkgM0FvWdaLwDpap7AYwcqJJ5w=",
      "dev": true,
      "requires": {
        "domelementtype": "^2.2.0"
      }
    },
    "domutils": {
      "version": "2.8.0",
      "resolved": "http://registry.m.jd.com/domutils/download/domutils-2.8.0.tgz",
      "integrity": "sha1-RDfe9dtuLR9dbuhZvZXKfQIEgTU=",
      "dev": true,
      "requires": {
        "dom-serializer": "^1.0.1",
        "domelementtype": "^2.2.0",
        "domhandler": "^4.2.0"
      }
    },
    "dot-case": {
      "version": "3.0.4",
      "resolved": "http://registry.m.jd.com/dot-case/download/dot-case-3.0.4.tgz",
      "integrity": "sha1-mytnDQCkMWZ6inW6Kc0bmICc51E=",
      "dev": true,
      "requires": {
        "no-case": "^3.0.4",
        "tslib": "^2.0.3"
      }
    },
    "electron-to-chromium": {
      "version": "1.4.284",
      "resolved": "http://registry.m.jd.com/electron-to-chromium/download/electron-to-chromium-1.4.284.tgz",
      "integrity": "sha1-YQRtHkyrOiUjj2v3QTeVJw8SVZI=",
      "dev": true
    },
    "enhanced-resolve": {
      "version": "5.12.0",
      "resolved": "http://registry.m.jd.com/enhanced-resolve/download/enhanced-resolve-5.12.0.tgz",
      "integrity": "sha1-MA4ckCKPW1cMTTW6vyY/bacVVjQ=",
      "dev": true,
      "requires": {
        "graceful-fs": "^4.2.4",
        "tapable": "^2.2.0"
      }
    },
    "entities": {
      "version": "2.2.0",
      "resolved": "http://registry.m.jd.com/entities/download/entities-2.2.0.tgz",
      "integrity": "sha1-CY3JDruD2N/6CJ1VJWs1HTTE2lU=",
      "dev": true
    },
    "envinfo": {
      "version": "7.8.1",
      "resolved": "http://registry.m.jd.com/envinfo/download/envinfo-7.8.1.tgz",
      "integrity": "sha1-Bjd+Pl9NN5/qesWS1a2JJ+DE1HU=",
      "dev": true
    },
    "es-module-lexer": {
      "version": "0.9.3",
      "resolved": "http://registry.m.jd.com/es-module-lexer/download/es-module-lexer-0.9.3.tgz",
      "integrity": "sha1-bxPbAMw4QXE32vdDZvU1yOtDjxk=",
      "dev": true
    },
    "escalade": {
      "version": "3.1.1",
      "resolved": "http://registry.m.jd.com/escalade/download/escalade-3.1.1.tgz",
      "integrity": "sha1-2M/ccACWXFoBdLSoLqpcBVJ0LkA=",
      "dev": true
    },
    "eslint-scope": {
      "version": "5.1.1",
      "resolved": "http://registry.m.jd.com/eslint-scope/download/eslint-scope-5.1.1.tgz",
      "integrity": "sha1-54blmmbLkrP2wfsNUIqrF0hI9Iw=",
      "dev": true,
      "requires": {
        "esrecurse": "^4.3.0",
        "estraverse": "^4.1.1"
      }
    },
    "esrecurse": {
      "version": "4.3.0",
      "resolved": "http://registry.m.jd.com/esrecurse/download/esrecurse-4.3.0.tgz",
      "integrity": "sha1-eteWTWeauyi+5yzsY3WLHF0smSE=",
      "dev": true,
      "requires": {
        "estraverse": "^5.2.0"
      },
      "dependencies": {
        "estraverse": {
          "version": "5.3.0",
          "resolved": "http://registry.m.jd.com/estraverse/download/estraverse-5.3.0.tgz",
          "integrity": "sha1-LupSkHAvJquP5TcDcP+GyWXSESM=",
          "dev": true
        }
      }
    },
    "estraverse": {
      "version": "4.3.0",
      "resolved": "http://registry.m.jd.com/estraverse/download/estraverse-4.3.0.tgz",
      "integrity": "sha1-OYrT88WiSUi+dyXoPRGn3ijNvR0=",
      "dev": true
    },
    "events": {
      "version": "3.3.0",
      "resolved": "http://registry.m.jd.com/events/download/events-3.3.0.tgz",
      "integrity": "sha1-Mala0Kkk4tLEGagTrrLE6HjqdAA=",
      "dev": true
    },
    "fast-deep-equal": {
      "version": "3.1.3",
      "resolved": "http://registry.m.jd.com/fast-deep-equal/download/fast-deep-equal-3.1.3.tgz",
      "integrity": "sha1-On1WtVnWy8PrUSMlJE5hmmXGxSU=",
      "dev": true
    },
    "fast-json-stable-stringify": {
      "version": "2.1.0",
      "resolved": "http://registry.m.jd.com/fast-json-stable-stringify/download/fast-json-stable-stringify-2.1.0.tgz",
      "integrity": "sha1-h0v2nG9ATCtdmcSBNBOZ/VWJJjM=",
      "dev": true
    },
    "fastest-levenshtein": {
      "version": "1.0.16",
      "resolved": "http://registry.m.jd.com/fastest-levenshtein/download/fastest-levenshtein-1.0.16.tgz",
      "integrity": "sha1-IQ5htv8YHekeqbPRuE/e3UfgNOU=",
      "dev": true
    },
    "find-up": {
      "version": "4.1.0",
      "resolved": "http://registry.m.jd.com/find-up/download/find-up-4.1.0.tgz",
      "integrity": "sha1-l6/n1s3AvFkoWEt8jXsW6KmqXRk=",
      "dev": true,
      "requires": {
        "locate-path": "^5.0.0",
        "path-exists": "^4.0.0"
      }
    },
    "function-bind": {
      "version": "1.1.1",
      "resolved": "http://registry.m.jd.com/function-bind/download/function-bind-1.1.1.tgz",
      "integrity": "sha1-pWiZ0+o8m6uHS7l3O3xe3pL0iV0=",
      "dev": true
    },
    "glob-to-regexp": {
      "version": "0.4.1",
      "resolved": "http://registry.m.jd.com/glob-to-regexp/download/glob-to-regexp-0.4.1.tgz",
      "integrity": "sha1-x1KXCHyFG5pXi9IX3VmpL1n+VG4=",
      "dev": true
    },
    "graceful-fs": {
      "version": "4.2.10",
      "resolved": "http://registry.m.jd.com/graceful-fs/download/graceful-fs-4.2.10.tgz",
      "integrity": "sha1-FH06AG2kyjzhRyjHrvwofDZ9emw=",
      "dev": true
    },
    "has": {
      "version": "1.0.3",
      "resolved": "http://registry.m.jd.com/has/download/has-1.0.3.tgz",
      "integrity": "sha1-ci18v8H2qoJB8W3YFOAR4fQeh5Y=",
      "dev": true,
      "requires": {
        "function-bind": "^1.1.1"
      }
    },
    "has-flag": {
      "version": "4.0.0",
      "resolved": "http://registry.m.jd.com/has-flag/download/has-flag-4.0.0.tgz",
      "integrity": "sha1-lEdx/ZyByBJlxNaUGGDaBrtZR5s=",
      "dev": true
    },
    "he": {
      "version": "1.2.0",
      "resolved": "http://registry.m.jd.com/he/download/he-1.2.0.tgz",
      "integrity": "sha1-hK5l+n6vsWX922FWauFLrwVmTw8=",
      "dev": true
    },
    "html-minifier-terser": {
      "version": "6.1.0",
      "resolved": "http://registry.m.jd.com/html-minifier-terser/download/html-minifier-terser-6.1.0.tgz",
      "integrity": "sha1-v8gYk0zAeRj2s2afV3Ts39SPMqs=",
      "dev": true,
      "requires": {
        "camel-case": "^4.1.2",
        "clean-css": "^5.2.2",
        "commander": "^8.3.0",
        "he": "^1.2.0",
        "param-case": "^3.0.4",
        "relateurl": "^0.2.7",
        "terser": "^5.10.0"
      },
      "dependencies": {
        "commander": {
          "version": "8.3.0",
          "resolved": "http://registry.m.jd.com/commander/download/commander-8.3.0.tgz",
          "integrity": "sha1-SDfqGy2me5xhamevuw+v7lZ7ymY=",
          "dev": true
        }
      }
    },
    "html-webpack-plugin": {
      "version": "5.5.0",
      "resolved": "http://registry.m.jd.com/html-webpack-plugin/download/html-webpack-plugin-5.5.0.tgz",
      "integrity": "sha1-w5EZNvV2gcH59Ni2jBWM2d/lL1A=",
      "dev": true,
      "requires": {
        "@types/html-minifier-terser": "^6.0.0",
        "html-minifier-terser": "^6.0.2",
        "lodash": "^4.17.21",
        "pretty-error": "^4.0.0",
        "tapable": "^2.0.0"
      }
    },
    "htmlparser2": {
      "version": "6.1.0",
      "resolved": "http://registry.m.jd.com/htmlparser2/download/htmlparser2-6.1.0.tgz",
      "integrity": "sha1-xNditsM3GgXb5l6UrkOp+EX7j7c=",
      "dev": true,
      "requires": {
        "domelementtype": "^2.0.1",
        "domhandler": "^4.0.0",
        "domutils": "^2.5.2",
        "entities": "^2.0.0"
      }
    },
    "icss-utils": {
      "version": "5.1.0",
      "resolved": "http://registry.m.jd.com/icss-utils/download/icss-utils-5.1.0.tgz",
      "integrity": "sha1-xr5oWKvQE9do6YNmrkfiXViHsa4=",
      "dev": true
    },
    "import-local": {
      "version": "3.1.0",
      "resolved": "http://registry.m.jd.com/import-local/download/import-local-3.1.0.tgz",
      "integrity": "sha1-tEed+KX9RPbNziQHBnVnYGPJXLQ=",
      "dev": true,
      "requires": {
        "pkg-dir": "^4.2.0",
        "resolve-cwd": "^3.0.0"
      }
    },
    "interpret": {
      "version": "3.1.1",
      "resolved": "http://registry.m.jd.com/interpret/download/interpret-3.1.1.tgz",
      "integrity": "sha1-W+DO7WfKecbEvFzw1+6EPc6hEMQ=",
      "dev": true
    },
    "is-core-module": {
      "version": "2.11.0",
      "resolved": "http://registry.m.jd.com/is-core-module/download/is-core-module-2.11.0.tgz",
      "integrity": "sha1-rUyz44Y+gUUjyW8/WNJsxXD/AUQ=",
      "dev": true,
      "requires": {
        "has": "^1.0.3"
      }
    },
    "is-plain-object": {
      "version": "2.0.4",
      "resolved": "http://registry.m.jd.com/is-plain-object/download/is-plain-object-2.0.4.tgz",
      "integrity": "sha1-LBY7P6+xtgbZ0Xko8FwqHDjgdnc=",
      "dev": true,
      "requires": {
        "isobject": "^3.0.1"
      }
    },
    "isexe": {
      "version": "2.0.0",
      "resolved": "http://registry.m.jd.com/isexe/download/isexe-2.0.0.tgz",
      "integrity": "sha1-6PvzdNxVb/iUehDcsFctYz8s+hA=",
      "dev": true
    },
    "isobject": {
      "version": "3.0.1",
      "resolved": "http://registry.m.jd.com/isobject/download/isobject-3.0.1.tgz",
      "integrity": "sha1-TkMekrEalzFjaqH5yNHMvP2reN8=",
      "dev": true
    },
    "jest-worker": {
      "version": "27.5.1",
      "resolved": "http://registry.m.jd.com/jest-worker/download/jest-worker-27.5.1.tgz",
      "integrity": "sha1-jRRvCQDolzsQa29zzB6ajLhvjbA=",
      "dev": true,
      "requires": {
        "@types/node": "*",
        "merge-stream": "^2.0.0",
        "supports-color": "^8.0.0"
      }
    },
    "json-parse-even-better-errors": {
      "version": "2.3.1",
      "resolved": "http://registry.m.jd.com/json-parse-even-better-errors/download/json-parse-even-better-errors-2.3.1.tgz",
      "integrity": "sha1-fEeAWpQxmSjgV3dAXcEuH3pO4C0=",
      "dev": true
    },
    "json-schema-traverse": {
      "version": "0.4.1",
      "resolved": "http://registry.m.jd.com/json-schema-traverse/download/json-schema-traverse-0.4.1.tgz",
      "integrity": "sha1-afaofZUTq4u4/mO9sJecRI5oRmA=",
      "dev": true
    },
    "kind-of": {
      "version": "6.0.3",
      "resolved": "http://registry.m.jd.com/kind-of/download/kind-of-6.0.3.tgz",
      "integrity": "sha1-B8BQNKbDSfoG4k+jWqdttFgM5N0=",
      "dev": true
    },
    "loader-runner": {
      "version": "4.3.0",
      "resolved": "http://registry.m.jd.com/loader-runner/download/loader-runner-4.3.0.tgz",
      "integrity": "sha1-wbShY7mfYUgwNTsWdV5xSawjFOE=",
      "dev": true
    },
    "locate-path": {
      "version": "5.0.0",
      "resolved": "http://registry.m.jd.com/locate-path/download/locate-path-5.0.0.tgz",
      "integrity": "sha1-Gvujlq/WdqbUJQTQpno6frn2KqA=",
      "dev": true,
      "requires": {
        "p-locate": "^4.1.0"
      }
    },
    "lodash": {
      "version": "4.17.21",
      "resolved": "http://registry.m.jd.com/lodash/download/lodash-4.17.21.tgz",
      "integrity": "sha1-Z5WRxWTDv/quhFTPCz3zcMPWkRw="
    },
    "lower-case": {
      "version": "2.0.2",
      "resolved": "http://registry.m.jd.com/lower-case/download/lower-case-2.0.2.tgz",
      "integrity": "sha1-b6I3xj29xKgsoP2ILkci3F5jTig=",
      "dev": true,
      "requires": {
        "tslib": "^2.0.3"
      }
    },
    "lru-cache": {
      "version": "6.0.0",
      "resolved": "http://registry.m.jd.com/lru-cache/download/lru-cache-6.0.0.tgz",
      "integrity": "sha1-bW/mVw69lqr5D8rR2vo7JWbbOpQ=",
      "dev": true,
      "requires": {
        "yallist": "^4.0.0"
      }
    },
    "merge-stream": {
      "version": "2.0.0",
      "resolved": "http://registry.m.jd.com/merge-stream/download/merge-stream-2.0.0.tgz",
      "integrity": "sha1-UoI2KaFN0AyXcPtq1H3GMQ8sH2A=",
      "dev": true
    },
    "mime-db": {
      "version": "1.52.0",
      "resolved": "http://registry.m.jd.com/mime-db/download/mime-db-1.52.0.tgz",
      "integrity": "sha1-u6vNwChZ9JhzAchW4zh85exDv3A=",
      "dev": true
    },
    "mime-types": {
      "version": "2.1.35",
      "resolved": "http://registry.m.jd.com/mime-types/download/mime-types-2.1.35.tgz",
      "integrity": "sha1-OBqHG2KnNEUGYK497uRIE/cNlZo=",
      "dev": true,
      "requires": {
        "mime-db": "1.52.0"
      }
    },
    "nanoid": {
      "version": "3.3.4",
      "resolved": "http://registry.m.jd.com/nanoid/download/nanoid-3.3.4.tgz",
      "integrity": "sha1-cwtn480J4t6s8DwCfIHJ2dvF6Ks=",
      "dev": true
    },
    "neo-async": {
      "version": "2.6.2",
      "resolved": "http://registry.m.jd.com/neo-async/download/neo-async-2.6.2.tgz",
      "integrity": "sha1-tKr7k+OustgXTKU88WOrfXMIMF8=",
      "dev": true
    },
    "no-case": {
      "version": "3.0.4",
      "resolved": "http://registry.m.jd.com/no-case/download/no-case-3.0.4.tgz",
      "integrity": "sha1-02H9XJgA9VhVGoNp/A3NRmK2Ek0=",
      "dev": true,
      "requires": {
        "lower-case": "^2.0.2",
        "tslib": "^2.0.3"
      }
    },
    "node-releases": {
      "version": "2.0.8",
      "resolved": "http://registry.m.jd.com/node-releases/download/node-releases-2.0.8.tgz",
      "integrity": "sha1-DzSc3I/Po5qSrAvpvEi3cGKSua4=",
      "dev": true
    },
    "nth-check": {
      "version": "2.1.1",
      "resolved": "http://registry.m.jd.com/nth-check/download/nth-check-2.1.1.tgz",
      "integrity": "sha1-yeq0KO/842zWuSySS9sADvHx7R0=",
      "dev": true,
      "requires": {
        "boolbase": "^1.0.0"
      }
    },
    "p-limit": {
      "version": "2.3.0",
      "resolved": "http://registry.m.jd.com/p-limit/download/p-limit-2.3.0.tgz",
      "integrity": "sha1-PdM8ZHohT9//2DWTPrCG2g3CHbE=",
      "dev": true,
      "requires": {
        "p-try": "^2.0.0"
      }
    },
    "p-locate": {
      "version": "4.1.0",
      "resolved": "http://registry.m.jd.com/p-locate/download/p-locate-4.1.0.tgz",
      "integrity": "sha1-o0KLtwiLOmApL2aRkni3wpetTwc=",
      "dev": true,
      "requires": {
        "p-limit": "^2.2.0"
      }
    },
    "p-try": {
      "version": "2.2.0",
      "resolved": "http://registry.m.jd.com/p-try/download/p-try-2.2.0.tgz",
      "integrity": "sha1-yyhoVA4xPWHeWPr741zpAE1VQOY=",
      "dev": true
    },
    "param-case": {
      "version": "3.0.4",
      "resolved": "http://registry.m.jd.com/param-case/download/param-case-3.0.4.tgz",
      "integrity": "sha1-fRf+SqEr3jTUp32RrPtiGcqtAcU=",
      "dev": true,
      "requires": {
        "dot-case": "^3.0.4",
        "tslib": "^2.0.3"
      }
    },
    "pascal-case": {
      "version": "3.1.2",
      "resolved": "http://registry.m.jd.com/pascal-case/download/pascal-case-3.1.2.tgz",
      "integrity": "sha1-tI4O8rmOIF58Ha50fQsVCCN2YOs=",
      "dev": true,
      "requires": {
        "no-case": "^3.0.4",
        "tslib": "^2.0.3"
      }
    },
    "path-exists": {
      "version": "4.0.0",
      "resolved": "http://registry.m.jd.com/path-exists/download/path-exists-4.0.0.tgz",
      "integrity": "sha1-UTvb4tO5XXdi6METfvoZXGxhtbM=",
      "dev": true
    },
    "path-key": {
      "version": "3.1.1",
      "resolved": "http://registry.m.jd.com/path-key/download/path-key-3.1.1.tgz",
      "integrity": "sha1-WB9q3mWMu6ZaDTOA3ndTKVBU83U=",
      "dev": true
    },
    "path-parse": {
      "version": "1.0.7",
      "resolved": "http://registry.m.jd.com/path-parse/download/path-parse-1.0.7.tgz",
      "integrity": "sha1-+8EUtgykKzDZ2vWFjkvWi77bZzU=",
      "dev": true
    },
    "picocolors": {
      "version": "1.0.0",
      "resolved": "http://registry.m.jd.com/picocolors/download/picocolors-1.0.0.tgz",
      "integrity": "sha1-y1vcdP8/UYkiNur3nWi8RFZKuBw=",
      "dev": true
    },
    "pkg-dir": {
      "version": "4.2.0",
      "resolved": "http://registry.m.jd.com/pkg-dir/download/pkg-dir-4.2.0.tgz",
      "integrity": "sha1-8JkTPfft5CLoHR2ESCcO6z5CYfM=",
      "dev": true,
      "requires": {
        "find-up": "^4.0.0"
      }
    },
    "postcss": {
      "version": "8.4.21",
      "resolved": "http://registry.m.jd.com/postcss/download/postcss-8.4.21.tgz",
      "integrity": "sha1-xjm3GaV+/DGHsToddlZ1SF9BNPQ=",
      "dev": true,
      "requires": {
        "nanoid": "^3.3.4",
        "picocolors": "^1.0.0",
        "source-map-js": "^1.0.2"
      }
    },
    "postcss-modules-extract-imports": {
      "version": "3.0.0",
      "resolved": "http://registry.m.jd.com/postcss-modules-extract-imports/download/postcss-modules-extract-imports-3.0.0.tgz",
      "integrity": "sha1-zaHwR8CugMl9vijD52pDuIAldB0=",
      "dev": true
    },
    "postcss-modules-local-by-default": {
      "version": "4.0.0",
      "resolved": "http://registry.m.jd.com/postcss-modules-local-by-default/download/postcss-modules-local-by-default-4.0.0.tgz",
      "integrity": "sha1-67tU+uFZjuz99pGgKz/zs5ClpRw=",
      "dev": true,
      "requires": {
        "icss-utils": "^5.0.0",
        "postcss-selector-parser": "^6.0.2",
        "postcss-value-parser": "^4.1.0"
      }
    },
    "postcss-modules-scope": {
      "version": "3.0.0",
      "resolved": "http://registry.m.jd.com/postcss-modules-scope/download/postcss-modules-scope-3.0.0.tgz",
      "integrity": "sha1-nvMVFFbTu/oSDKRImN/Kby+gHwY=",
      "dev": true,
      "requires": {
        "postcss-selector-parser": "^6.0.4"
      }
    },
    "postcss-modules-values": {
      "version": "4.0.0",
      "resolved": "http://registry.m.jd.com/postcss-modules-values/download/postcss-modules-values-4.0.0.tgz",
      "integrity": "sha1-18Xn5ow7s8myfL9Iyguz/7RgLJw=",
      "dev": true,
      "requires": {
        "icss-utils": "^5.0.0"
      }
    },
    "postcss-selector-parser": {
      "version": "6.0.11",
      "resolved": "http://registry.m.jd.com/postcss-selector-parser/download/postcss-selector-parser-6.0.11.tgz",
      "integrity": "sha1-LkHcObetdARuFhUYUYXNCxfQyNw=",
      "dev": true,
      "requires": {
        "cssesc": "^3.0.0",
        "util-deprecate": "^1.0.2"
      }
    },
    "postcss-value-parser": {
      "version": "4.2.0",
      "resolved": "http://registry.m.jd.com/postcss-value-parser/download/postcss-value-parser-4.2.0.tgz",
      "integrity": "sha1-cjwJkgg2um0+WvAZ+SvAlxwC5RQ=",
      "dev": true
    },
    "pretty-error": {
      "version": "4.0.0",
      "resolved": "http://registry.m.jd.com/pretty-error/download/pretty-error-4.0.0.tgz",
      "integrity": "sha1-kKcD9G3XI0rbRtD4SCPp0cuPENY=",
      "dev": true,
      "requires": {
        "lodash": "^4.17.20",
        "renderkid": "^3.0.0"
      }
    },
    "punycode": {
      "version": "2.1.1",
      "resolved": "http://registry.m.jd.com/punycode/download/punycode-2.1.1.tgz",
      "integrity": "sha1-tYsBCsQMIsVldhbI0sLALHv0eew=",
      "dev": true
    },
    "randombytes": {
      "version": "2.1.0",
      "resolved": "http://registry.m.jd.com/randombytes/download/randombytes-2.1.0.tgz",
      "integrity": "sha1-32+ENy8CcNxlzfYpE0mrekc9Tyo=",
      "dev": true,
      "requires": {
        "safe-buffer": "^5.1.0"
      }
    },
    "rechoir": {
      "version": "0.8.0",
      "resolved": "http://registry.m.jd.com/rechoir/download/rechoir-0.8.0.tgz",
      "integrity": "sha1-Sfhm4NMhRhQto62PDv81KzIV/yI=",
      "dev": true,
      "requires": {
        "resolve": "^1.20.0"
      }
    },
    "relateurl": {
      "version": "0.2.7",
      "resolved": "http://registry.m.jd.com/relateurl/download/relateurl-0.2.7.tgz",
      "integrity": "sha1-VNvzd+UUQKypCkzSdGANP/LYiKk=",
      "dev": true
    },
    "renderkid": {
      "version": "3.0.0",
      "resolved": "http://registry.m.jd.com/renderkid/download/renderkid-3.0.0.tgz",
      "integrity": "sha1-X9gj5NaVHTc1jsyaWLHwaDa2Joo=",
      "dev": true,
      "requires": {
        "css-select": "^4.1.3",
        "dom-converter": "^0.2.0",
        "htmlparser2": "^6.1.0",
        "lodash": "^4.17.21",
        "strip-ansi": "^6.0.1"
      }
    },
    "resolve": {
      "version": "1.22.1",
      "resolved": "http://registry.m.jd.com/resolve/download/resolve-1.22.1.tgz",
      "integrity": "sha1-J8suu1P5GrtJRwqSi7p1WAZqwXc=",
      "dev": true,
      "requires": {
        "is-core-module": "^2.9.0",
        "path-parse": "^1.0.7",
        "supports-preserve-symlinks-flag": "^1.0.0"
      }
    },
    "resolve-cwd": {
      "version": "3.0.0",
      "resolved": "http://registry.m.jd.com/resolve-cwd/download/resolve-cwd-3.0.0.tgz",
      "integrity": "sha1-DwB18bslRHZs9zumpuKt/ryxPy0=",
      "dev": true,
      "requires": {
        "resolve-from": "^5.0.0"
      }
    },
    "resolve-from": {
      "version": "5.0.0",
      "resolved": "http://registry.m.jd.com/resolve-from/download/resolve-from-5.0.0.tgz",
      "integrity": "sha1-w1IlhD3493bfIcV1V7wIfp39/Gk=",
      "dev": true
    },
    "safe-buffer": {
      "version": "5.2.1",
      "resolved": "http://registry.m.jd.com/safe-buffer/download/safe-buffer-5.2.1.tgz",
      "integrity": "sha1-Hq+fqb2x/dTsdfWPnNtOa3gn7sY=",
      "dev": true
    },
    "schema-utils": {
      "version": "3.1.1",
      "resolved": "http://registry.m.jd.com/schema-utils/download/schema-utils-3.1.1.tgz",
      "integrity": "sha1-vHTEtraZXB2I92qLd76nIZ4MgoE=",
      "dev": true,
      "requires": {
        "@types/json-schema": "^7.0.8",
        "ajv": "^6.12.5",
        "ajv-keywords": "^3.5.2"
      }
    },
    "semver": {
      "version": "7.3.8",
      "resolved": "http://registry.m.jd.com/semver/download/semver-7.3.8.tgz",
      "integrity": "sha1-B6eP6vs/ezI0fXJeM95+Ki32d5g=",
      "dev": true,
      "requires": {
        "lru-cache": "^6.0.0"
      }
    },
    "serialize-javascript": {
      "version": "6.0.0",
      "resolved": "http://registry.m.jd.com/serialize-javascript/download/serialize-javascript-6.0.0.tgz",
      "integrity": "sha1-765diPRdeSQUHai1w6en5mP+/rg=",
      "dev": true,
      "requires": {
        "randombytes": "^2.1.0"
      }
    },
    "shallow-clone": {
      "version": "3.0.1",
      "resolved": "http://registry.m.jd.com/shallow-clone/download/shallow-clone-3.0.1.tgz",
      "integrity": "sha1-jymBrZJTH1UDWwH7IwdppA4C76M=",
      "dev": true,
      "requires": {
        "kind-of": "^6.0.2"
      }
    },
    "shebang-command": {
      "version": "2.0.0",
      "resolved": "http://registry.m.jd.com/shebang-command/download/shebang-command-2.0.0.tgz",
      "integrity": "sha1-zNCvT4g1+9wmW4JGGq8MNmY/NOo=",
      "dev": true,
      "requires": {
        "shebang-regex": "^3.0.0"
      }
    },
    "shebang-regex": {
      "version": "3.0.0",
      "resolved": "http://registry.m.jd.com/shebang-regex/download/shebang-regex-3.0.0.tgz",
      "integrity": "sha1-rhbxZE2HPsrYQ7AwexQzYtTEIXI=",
      "dev": true
    },
    "source-map": {
      "version": "0.6.1",
      "resolved": "http://registry.m.jd.com/source-map/download/source-map-0.6.1.tgz",
      "integrity": "sha1-dHIq8y6WFOnCh6jQu95IteLxomM=",
      "dev": true
    },
    "source-map-js": {
      "version": "1.0.2",
      "resolved": "http://registry.m.jd.com/source-map-js/download/source-map-js-1.0.2.tgz",
      "integrity": "sha1-rbw2HZxi3zgBJefxYfccgm8eSQw=",
      "dev": true
    },
    "source-map-support": {
      "version": "0.5.21",
      "resolved": "http://registry.m.jd.com/source-map-support/download/source-map-support-0.5.21.tgz",
      "integrity": "sha1-BP58f54e0tZiIzwoyys1ufY/bk8=",
      "dev": true,
      "requires": {
        "buffer-from": "^1.0.0",
        "source-map": "^0.6.0"
      }
    },
    "strip-ansi": {
      "version": "6.0.1",
      "resolved": "http://registry.m.jd.com/strip-ansi/download/strip-ansi-6.0.1.tgz",
      "integrity": "sha1-nibGPTD1NEPpSJSVshBdN7Z6hdk=",
      "dev": true,
      "requires": {
        "ansi-regex": "^5.0.1"
      }
    },
    "style-loader": {
      "version": "3.3.1",
      "resolved": "http://registry.m.jd.com/style-loader/download/style-loader-3.3.1.tgz",
      "integrity": "sha1-BX36az1NfHBkRigw+RE+1BfThXU=",
      "dev": true
    },
    "supports-color": {
      "version": "8.1.1",
      "resolved": "http://registry.m.jd.com/supports-color/download/supports-color-8.1.1.tgz",
      "integrity": "sha1-zW/BfihQDP9WwbhsCn/UpUpzAFw=",
      "dev": true,
      "requires": {
        "has-flag": "^4.0.0"
      }
    },
    "supports-preserve-symlinks-flag": {
      "version": "1.0.0",
      "resolved": "http://registry.m.jd.com/supports-preserve-symlinks-flag/download/supports-preserve-symlinks-flag-1.0.0.tgz",
      "integrity": "sha1-btpL00SjyUrqN21MwxvHcxEDngk=",
      "dev": true
    },
    "tapable": {
      "version": "2.2.1",
      "resolved": "http://registry.m.jd.com/tapable/download/tapable-2.2.1.tgz",
      "integrity": "sha1-GWenPvQGCoLxKrlq+G1S/bdu7KA=",
      "dev": true
    },
    "terser": {
      "version": "5.16.1",
      "resolved": "http://registry.m.jd.com/terser/download/terser-5.16.1.tgz",
      "integrity": "sha1-WvO8PQ8kJBx/sgJBmdXEYaEHWIA=",
      "dev": true,
      "requires": {
        "@jridgewell/source-map": "^0.3.2",
        "acorn": "^8.5.0",
        "commander": "^2.20.0",
        "source-map-support": "~0.5.20"
      }
    },
    "terser-webpack-plugin": {
      "version": "5.3.6",
      "resolved": "http://registry.m.jd.com/terser-webpack-plugin/download/terser-webpack-plugin-5.3.6.tgz",
      "integrity": "sha1-VZCuwxqjxvdxzhsazKYGOeqzGVw=",
      "dev": true,
      "requires": {
        "@jridgewell/trace-mapping": "^0.3.14",
        "jest-worker": "^27.4.5",
        "schema-utils": "^3.1.1",
        "serialize-javascript": "^6.0.0",
        "terser": "^5.14.1"
      }
    },
    "tslib": {
      "version": "2.4.1",
      "resolved": "http://registry.m.jd.com/tslib/download/tslib-2.4.1.tgz",
      "integrity": "sha1-DQv7qsKIC5HiLfB2jlW+l1OlsX4=",
      "dev": true
    },
    "update-browserslist-db": {
      "version": "1.0.10",
      "resolved": "http://registry.m.jd.com/update-browserslist-db/download/update-browserslist-db-1.0.10.tgz",
      "integrity": "sha1-D1S4dlRXJvF9AM2aJWHm2t6UP/M=",
      "dev": true,
      "requires": {
        "escalade": "^3.1.1",
        "picocolors": "^1.0.0"
      }
    },
    "uri-js": {
      "version": "4.4.1",
      "resolved": "http://registry.m.jd.com/uri-js/download/uri-js-4.4.1.tgz",
      "integrity": "sha1-mxpSWVIlhZ5V9mnZKPiMbFfyp34=",
      "dev": true,
      "requires": {
        "punycode": "^2.1.0"
      }
    },
    "util-deprecate": {
      "version": "1.0.2",
      "resolved": "http://registry.m.jd.com/util-deprecate/download/util-deprecate-1.0.2.tgz",
      "integrity": "sha1-RQ1Nyfpw3nMnYvvS1KKJgUGaDM8=",
      "dev": true
    },
    "utila": {
      "version": "0.4.0",
      "resolved": "http://registry.m.jd.com/utila/download/utila-0.4.0.tgz",
      "integrity": "sha1-ihagXURWV6Oupe7MWxKk+lN5dyw=",
      "dev": true
    },
    "watchpack": {
      "version": "2.4.0",
      "resolved": "http://registry.m.jd.com/watchpack/download/watchpack-2.4.0.tgz",
      "integrity": "sha1-+jMDI3SWLHgRP5PH8vtMVMmGKl0=",
      "dev": true,
      "requires": {
        "glob-to-regexp": "^0.4.1",
        "graceful-fs": "^4.1.2"
      }
    },
    "webpack": {
      "version": "5.75.0",
      "resolved": "http://registry.m.jd.com/webpack/download/webpack-5.75.0.tgz",
      "integrity": "sha1-HkQEaGR7JQWGDpTJ/z5E1bWCwVI=",
      "dev": true,
      "requires": {
        "@types/eslint-scope": "^3.7.3",
        "@types/estree": "^0.0.51",
        "@webassemblyjs/ast": "1.11.1",
        "@webassemblyjs/wasm-edit": "1.11.1",
        "@webassemblyjs/wasm-parser": "1.11.1",
        "acorn": "^8.7.1",
        "acorn-import-assertions": "^1.7.6",
        "browserslist": "^4.14.5",
        "chrome-trace-event": "^1.0.2",
        "enhanced-resolve": "^5.10.0",
        "es-module-lexer": "^0.9.0",
        "eslint-scope": "5.1.1",
        "events": "^3.2.0",
        "glob-to-regexp": "^0.4.1",
        "graceful-fs": "^4.2.9",
        "json-parse-even-better-errors": "^2.3.1",
        "loader-runner": "^4.2.0",
        "mime-types": "^2.1.27",
        "neo-async": "^2.6.2",
        "schema-utils": "^3.1.0",
        "tapable": "^2.1.1",
        "terser-webpack-plugin": "^5.1.3",
        "watchpack": "^2.4.0",
        "webpack-sources": "^3.2.3"
      }
    },
    "webpack-cli": {
      "version": "5.0.1",
      "resolved": "http://registry.m.jd.com/webpack-cli/download/webpack-cli-5.0.1.tgz",
      "integrity": "sha1-lfwElaxAZelCOnIt7JF1VgtvLZo=",
      "dev": true,
      "requires": {
        "@discoveryjs/json-ext": "^0.5.0",
        "@webpack-cli/configtest": "^2.0.1",
        "@webpack-cli/info": "^2.0.1",
        "@webpack-cli/serve": "^2.0.1",
        "colorette": "^2.0.14",
        "commander": "^9.4.1",
        "cross-spawn": "^7.0.3",
        "envinfo": "^7.7.3",
        "fastest-levenshtein": "^1.0.12",
        "import-local": "^3.0.2",
        "interpret": "^3.1.1",
        "rechoir": "^0.8.0",
        "webpack-merge": "^5.7.3"
      },
      "dependencies": {
        "commander": {
          "version": "9.5.0",
          "resolved": "http://registry.m.jd.com/commander/download/commander-9.5.0.tgz",
          "integrity": "sha1-vAjR61zt98y3l6lhmdQce8PmDTA=",
          "dev": true
        }
      }
    },
    "webpack-merge": {
      "version": "5.8.0",
      "resolved": "http://registry.m.jd.com/webpack-merge/download/webpack-merge-5.8.0.tgz",
      "integrity": "sha1-Kznb8ir4d3atdEw5AiNzHTCmj2E=",
      "dev": true,
      "requires": {
        "clone-deep": "^4.0.1",
        "wildcard": "^2.0.0"
      }
    },
    "webpack-sources": {
      "version": "3.2.3",
      "resolved": "http://registry.m.jd.com/webpack-sources/download/webpack-sources-3.2.3.tgz",
      "integrity": "sha1-LU2quEUf1LJAzCcFX/agwszqDN4=",
      "dev": true
    },
    "which": {
      "version": "2.0.2",
      "resolved": "http://registry.m.jd.com/which/download/which-2.0.2.tgz",
      "integrity": "sha1-fGqN0KY2oDJ+ELWckobu6T8/UbE=",
      "dev": true,
      "requires": {
        "isexe": "^2.0.0"
      }
    },
    "wildcard": {
      "version": "2.0.0",
      "resolved": "http://registry.m.jd.com/wildcard/download/wildcard-2.0.0.tgz",
      "integrity": "sha1-p30g5SAMb6qsl55LOq3Hs91/j+w=",
      "dev": true
    },
    "yallist": {
      "version": "4.0.0",
      "resolved": "http://registry.m.jd.com/yallist/download/yallist-4.0.0.tgz",
      "integrity": "sha1-m7knkNnA7/7GO+c1GeEaNQGaOnI=",
      "dev": true
    }
  }
}
